// !$*UTF8*$!
{
	archiveVersion = 1;
	classes = {
	};
	objectVersion = 50;
	objects = {

/* Begin PBXBuildFile section */
		DC1A4337236E77EE008D5C9E /* AppDelegate.swift in Sources */ = {isa = PBXBuildFile; fileRef = DC1A4336236E77EE008D5C9E /* AppDelegate.swift */; };
		DC1A4339236E77EE008D5C9E /* SceneDelegate.swift in Sources */ = {isa = PBXBuildFile; fileRef = DC1A4338236E77EE008D5C9E /* SceneDelegate.swift */; };
		DC1A433B236E77EE008D5C9E /* ContentView.swift in Sources */ = {isa = PBXBuildFile; fileRef = DC1A433A236E77EE008D5C9E /* ContentView.swift */; };
		DC1A433D236E77EF008D5C9E /* Assets.xcassets in Resources */ = {isa = PBXBuildFile; fileRef = DC1A433C236E77EF008D5C9E /* Assets.xcassets */; };
		DC1A4340236E77EF008D5C9E /* Preview Assets.xcassets in Resources */ = {isa = PBXBuildFile; fileRef = DC1A433F236E77EF008D5C9E /* Preview Assets.xcassets */; };
		DC1A4343236E77EF008D5C9E /* LaunchScreen.storyboard in Resources */ = {isa = PBXBuildFile; fileRef = DC1A4341236E77EF008D5C9E /* LaunchScreen.storyboard */; };
		DC1A434E236E77F0008D5C9E /* iOsNoteTests.swift in Sources */ = {isa = PBXBuildFile; fileRef = DC1A434D236E77F0008D5C9E /* iOsNoteTests.swift */; };
		DC1A4359236E77F0008D5C9E /* iOsNoteUITests.swift in Sources */ = {isa = PBXBuildFile; fileRef = DC1A4358236E77F0008D5C9E /* iOsNoteUITests.swift */; };
/* End PBXBuildFile section */

/* Begin PBXContainerItemProxy section */
		DC1A434A236E77EF008D5C9E /* PBXContainerItemProxy */ = {
			isa = PBXContainerItemProxy;
			containerPortal = DC1A432B236E77EE008D5C9E /* Project object */;
			proxyType = 1;
			remoteGlobalIDString = DC1A4332236E77EE008D5C9E;
			remoteInfo = iOsNote;
		};
		DC1A4355236E77F0008D5C9E /* PBXContainerItemProxy */ = {
			isa = PBXContainerItemProxy;
			containerPortal = DC1A432B236E77EE008D5C9E /* Project object */;
			proxyType = 1;
			remoteGlobalIDString = DC1A4332236E77EE008D5C9E;
			remoteInfo = iOsNote;
		};
/* End PBXContainerItemProxy section */

/* Begin PBXFileReference section */
		DC1A4333236E77EE008D5C9E /* iOsNote.app */ = {isa = PBXFileReference; explicitFileType = wrapper.application; includeInIndex = 0; path = iOsNote.app; sourceTree = BUILT_PRODUCTS_DIR; };
		DC1A4336236E77EE008D5C9E /* AppDelegate.swift */ = {isa = PBXFileReference; lastKnownFileType = sourcecode.swift; path = AppDelegate.swift; sourceTree = "<group>"; };
		DC1A4338236E77EE008D5C9E /* SceneDelegate.swift */ = {isa = PBXFileReference; lastKnownFileType = sourcecode.swift; path = SceneDelegate.swift; sourceTree = "<group>"; };
		DC1A433A236E77EE008D5C9E /* ContentView.swift */ = {isa = PBXFileReference; lastKnownFileType = sourcecode.swift; path = ContentView.swift; sourceTree = "<group>"; };
		DC1A433C236E77EF008D5C9E /* Assets.xcassets */ = {isa = PBXFileReference; lastKnownFileType = folder.assetcatalog; path = Assets.xcassets; sourceTree = "<group>"; };
		DC1A433F236E77EF008D5C9E /* Preview Assets.xcassets */ = {isa = PBXFileReference; lastKnownFileType = folder.assetcatalog; path = "Preview Assets.xcassets"; sourceTree = "<group>"; };
		DC1A4342236E77EF008D5C9E /* Base */ = {isa = PBXFileReference; lastKnownFileType = file.storyboard; name = Base; path = Base.lproj/LaunchScreen.storyboard; sourceTree = "<group>"; };
		DC1A4344236E77EF008D5C9E /* Info.plist */ = {isa = PBXFileReference; lastKnownFileType = text.plist.xml; path = Info.plist; sourceTree = "<group>"; };
		DC1A4349236E77EF008D5C9E /* iOsNoteTests.xctest */ = {isa = PBXFileReference; explicitFileType = wrapper.cfbundle; includeInIndex = 0; path = iOsNoteTests.xctest; sourceTree = BUILT_PRODUCTS_DIR; };
		DC1A434D236E77F0008D5C9E /* iOsNoteTests.swift */ = {isa = PBXFileReference; lastKnownFileType = sourcecode.swift; path = iOsNoteTests.swift; sourceTree = "<group>"; };
		DC1A434F236E77F0008D5C9E /* Info.plist */ = {isa = PBXFileReference; lastKnownFileType = text.plist.xml; path = Info.plist; sourceTree = "<group>"; };
		DC1A4354236E77F0008D5C9E /* iOsNoteUITests.xctest */ = {isa = PBXFileReference; explicitFileType = wrapper.cfbundle; includeInIndex = 0; path = iOsNoteUITests.xctest; sourceTree = BUILT_PRODUCTS_DIR; };
		DC1A4358236E77F0008D5C9E /* iOsNoteUITests.swift */ = {isa = PBXFileReference; lastKnownFileType = sourcecode.swift; path = iOsNoteUITests.swift; sourceTree = "<group>"; };
		DC1A435A236E77F0008D5C9E /* Info.plist */ = {isa = PBXFileReference; lastKnownFileType = text.plist.xml; path = Info.plist; sourceTree = "<group>"; };
/* End PBXFileReference section */

/* Begin PBXFrameworksBuildPhase section */
		DC1A4330236E77EE008D5C9E /* Frameworks */ = {
			isa = PBXFrameworksBuildPhase;
			buildActionMask = 2147483647;
			files = (
			);
			runOnlyForDeploymentPostprocessing = 0;
		};
		DC1A4346236E77EF008D5C9E /* Frameworks */ = {
			isa = PBXFrameworksBuildPhase;
			buildActionMask = 2147483647;
			files = (
			);
			runOnlyForDeploymentPostprocessing = 0;
		};
		DC1A4351236E77F0008D5C9E /* Frameworks */ = {
			isa = PBXFrameworksBuildPhase;
			buildActionMask = 2147483647;
			files = (
			);
			runOnlyForDeploymentPostprocessing = 0;
		};
/* End PBXFrameworksBuildPhase section */

/* Begin PBXGroup section */
		DC1A432A236E77EE008D5C9E = {
			isa = PBXGroup;
			children = (
				DC1A4335236E77EE008D5C9E /* iOsNote */,
				DC1A434C236E77EF008D5C9E /* iOsNoteTests */,
				DC1A4357236E77F0008D5C9E /* iOsNoteUITests */,
				DC1A4334236E77EE008D5C9E /* Products */,
			);
			sourceTree = "<group>";
		};
		DC1A4334236E77EE008D5C9E /* Products */ = {
			isa = PBXGroup;
			children = (
				DC1A4333236E77EE008D5C9E /* iOsNote.app */,
				DC1A4349236E77EF008D5C9E /* iOsNoteTests.xctest */,
				DC1A4354236E77F0008D5C9E /* iOsNoteUITests.xctest */,
			);
			name = Products;
			sourceTree = "<group>";
		};
		DC1A4335236E77EE008D5C9E /* iOsNote */ = {
			isa = PBXGroup;
			children = (
				DC1A4336236E77EE008D5C9E /* AppDelegate.swift */,
				DC1A4338236E77EE008D5C9E /* SceneDelegate.swift */,
				DC1A433A236E77EE008D5C9E /* ContentView.swift */,
				DC1A433C236E77EF008D5C9E /* Assets.xcassets */,
				DC1A4341236E77EF008D5C9E /* LaunchScreen.storyboard */,
				DC1A4344236E77EF008D5C9E /* Info.plist */,
				DC1A433E236E77EF008D5C9E /* Preview Content */,
			);
			path = iOsNote;
			sourceTree = "<group>";
		};
		DC1A433E236E77EF008D5C9E /* Preview Content */ = {
			isa = PBXGroup;
			children = (
				DC1A433F236E77EF008D5C9E /* Preview Assets.xcassets */,
			);
			path = "Preview Content";
			sourceTree = "<group>";
		};
		DC1A434C236E77EF008D5C9E /* iOsNoteTests */ = {
			isa = PBXGroup;
			children = (
				DC1A434D236E77F0008D5C9E /* iOsNoteTests.swift */,
				DC1A434F236E77F0008D5C9E /* Info.plist */,
			);
			path = iOsNoteTests;
			sourceTree = "<group>";
		};
		DC1A4357236E77F0008D5C9E /* iOsNoteUITests */ = {
			isa = PBXGroup;
			children = (
				DC1A4358236E77F0008D5C9E /* iOsNoteUITests.swift */,
				DC1A435A236E77F0008D5C9E /* Info.plist */,
			);
			path = iOsNoteUITests;
			sourceTree = "<group>";
		};
/* End PBXGroup section */

/* Begin PBXNativeTarget section */
		DC1A4332236E77EE008D5C9E /* iOsNote */ = {
			isa = PBXNativeTarget;
			buildConfigurationList = DC1A435D236E77F0008D5C9E /* Build configuration list for PBXNativeTarget "iOsNote" */;
			buildPhases = (
				DC1A432F236E77EE008D5C9E /* Sources */,
				DC1A4330236E77EE008D5C9E /* Frameworks */,
				DC1A4331236E77EE008D5C9E /* Resources */,
			);
			buildRules = (
			);
			dependencies = (
			);
			name = iOsNote;
			productName = iOsNote;
			productReference = DC1A4333236E77EE008D5C9E /* iOsNote.app */;
			productType = "com.apple.product-type.application";
		};
		DC1A4348236E77EF008D5C9E /* iOsNoteTests */ = {
			isa = PBXNativeTarget;
			buildConfigurationList = DC1A4360236E77F0008D5C9E /* Build configuration list for PBXNativeTarget "iOsNoteTests" */;
			buildPhases = (
				DC1A4345236E77EF008D5C9E /* Sources */,
				DC1A4346236E77EF008D5C9E /* Frameworks */,
				DC1A4347236E77EF008D5C9E /* Resources */,
			);
			buildRules = (
			);
			dependencies = (
				DC1A434B236E77EF008D5C9E /* PBXTargetDependency */,
			);
			name = iOsNoteTests;
			productName = iOsNoteTests;
			productReference = DC1A4349236E77EF008D5C9E /* iOsNoteTests.xctest */;
			productType = "com.apple.product-type.bundle.unit-test";
		};
		DC1A4353236E77F0008D5C9E /* iOsNoteUITests */ = {
			isa = PBXNativeTarget;
			buildConfigurationList = DC1A4363236E77F0008D5C9E /* Build configuration list for PBXNativeTarget "iOsNoteUITests" */;
			buildPhases = (
				DC1A4350236E77F0008D5C9E /* Sources */,
				DC1A4351236E77F0008D5C9E /* Frameworks */,
				DC1A4352236E77F0008D5C9E /* Resources */,
			);
			buildRules = (
			);
			dependencies = (
				DC1A4356236E77F0008D5C9E /* PBXTargetDependency */,
			);
			name = iOsNoteUITests;
			productName = iOsNoteUITests;
			productReference = DC1A4354236E77F0008D5C9E /* iOsNoteUITests.xctest */;
			productType = "com.apple.product-type.bundle.ui-testing";
		};
/* End PBXNativeTarget section */

/* Begin PBXProject section */
		DC1A432B236E77EE008D5C9E /* Project object */ = {
			isa = PBXProject;
			attributes = {
				LastSwiftUpdateCheck = 1120;
				LastUpgradeCheck = 1120;
				ORGANIZATIONNAME = "Thao Nguyen";
				TargetAttributes = {
					DC1A4332236E77EE008D5C9E = {
						CreatedOnToolsVersion = 11.2;
					};
					DC1A4348236E77EF008D5C9E = {
						CreatedOnToolsVersion = 11.2;
						TestTargetID = DC1A4332236E77EE008D5C9E;
					};
					DC1A4353236E77F0008D5C9E = {
						CreatedOnToolsVersion = 11.2;
						TestTargetID = DC1A4332236E77EE008D5C9E;
					};
				};
			};
			buildConfigurationList = DC1A432E236E77EE008D5C9E /* Build configuration list for PBXProject "iOsNote" */;
			compatibilityVersion = "Xcode 9.3";
			developmentRegion = en;
			hasScannedForEncodings = 0;
			knownRegions = (
				en,
				Base,
			);
			mainGroup = DC1A432A236E77EE008D5C9E;
			productRefGroup = DC1A4334236E77EE008D5C9E /* Products */;
			projectDirPath = "";
			projectRoot = "";
			targets = (
				DC1A4332236E77EE008D5C9E /* iOsNote */,
				DC1A4348236E77EF008D5C9E /* iOsNoteTests */,
				DC1A4353236E77F0008D5C9E /* iOsNoteUITests */,
			);
		};
/* End PBXProject section */

/* Begin PBXResourcesBuildPhase section */
		DC1A4331236E77EE008D5C9E /* Resources */ = {
			isa = PBXResourcesBuildPhase;
			buildActionMask = 2147483647;
			files = (
				DC1A4343236E77EF008D5C9E /* LaunchScreen.storyboard in Resources */,
				DC1A4340236E77EF008D5C9E /* Preview Assets.xcassets in Resources */,
				DC1A433D236E77EF008D5C9E /* Assets.xcassets in Resources */,
			);
			runOnlyForDeploymentPostprocessing = 0;
		};
		DC1A4347236E77EF008D5C9E /* Resources */ = {
			isa = PBXResourcesBuildPhase;
			buildActionMask = 2147483647;
			files = (
			);
			runOnlyForDeploymentPostprocessing = 0;
		};
		DC1A4352236E77F0008D5C9E /* Resources */ = {
			isa = PBXResourcesBuildPhase;
			buildActionMask = 2147483647;
			files = (
			);
			runOnlyForDeploymentPostprocessing = 0;
		};
/* End PBXResourcesBuildPhase section */

/* Begin PBXSourcesBuildPhase section */
		DC1A432F236E77EE008D5C9E /* Sources */ = {
			isa = PBXSourcesBuildPhase;
			buildActionMask = 2147483647;
			files = (
				DC1A4337236E77EE008D5C9E /* AppDelegate.swift in Sources */,
				DC1A4339236E77EE008D5C9E /* SceneDelegate.swift in Sources */,
				DC1A433B236E77EE008D5C9E /* ContentView.swift in Sources */,
			);
			runOnlyForDeploymentPostprocessing = 0;
		};
		DC1A4345236E77EF008D5C9E /* Sources */ = {
			isa = PBXSourcesBuildPhase;
			buildActionMask = 2147483647;
			files = (
				DC1A434E236E77F0008D5C9E /* iOsNoteTests.swift in Sources */,
			);
			runOnlyForDeploymentPostprocessing = 0;
		};
		DC1A4350236E77F0008D5C9E /* Sources */ = {
			isa = PBXSourcesBuildPhase;
			buildActionMask = 2147483647;
			files = (
				DC1A4359236E77F0008D5C9E /* iOsNoteUITests.swift in Sources */,
			);
			runOnlyForDeploymentPostprocessing = 0;
		};
/* End PBXSourcesBuildPhase section */

/* Begin PBXTargetDependency section */
		DC1A434B236E77EF008D5C9E /* PBXTargetDependency */ = {
			isa = PBXTargetDependency;
			target = DC1A4332236E77EE008D5C9E /* iOsNote */;
			targetProxy = DC1A434A236E77EF008D5C9E /* PBXContainerItemProxy */;
		};
		DC1A4356236E77F0008D5C9E /* PBXTargetDependency */ = {
			isa = PBXTargetDependency;
			target = DC1A4332236E77EE008D5C9E /* iOsNote */;
			targetProxy = DC1A4355236E77F0008D5C9E /* PBXContainerItemProxy */;
		};
/* End PBXTargetDependency section */

/* Begin PBXVariantGroup section */
		DC1A4341236E77EF008D5C9E /* LaunchScreen.storyboard */ = {
			isa = PBXVariantGroup;
			children = (
				DC1A4342236E77EF008D5C9E /* Base */,
			);
			name = LaunchScreen.storyboard;
			sourceTree = "<group>";
		};
/* End PBXVariantGroup section */

/* Begin XCBuildConfiguration section */
		DC1A435B236E77F0008D5C9E /* Debug */ = {
			isa = XCBuildConfiguration;
			buildSettings = {
				ALWAYS_SEARCH_USER_PATHS = NO;
				CLANG_ANALYZER_NONNULL = YES;
				CLANG_ANALYZER_NUMBER_OBJECT_CONVERSION = YES_AGGRESSIVE;
				CLANG_CXX_LANGUAGE_STANDARD = "gnu++14";
				CLANG_CXX_LIBRARY = "libc++";
				CLANG_ENABLE_MODULES = YES;
				CLANG_ENABLE_OBJC_ARC = YES;
				CLANG_ENABLE_OBJC_WEAK = YES;
				CLANG_WARN_BLOCK_CAPTURE_AUTORELEASING = YES;
				CLANG_WARN_BOOL_CONVERSION = YES;
				CLANG_WARN_COMMA = YES;
				CLANG_WARN_CONSTANT_CONVERSION = YES;
				CLANG_WARN_DEPRECATED_OBJC_IMPLEMENTATIONS = YES;
				CLANG_WARN_DIRECT_OBJC_ISA_USAGE = YES_ERROR;
				CLANG_WARN_DOCUMENTATION_COMMENTS = YES;
				CLANG_WARN_EMPTY_BODY = YES;
				CLANG_WARN_ENUM_CONVERSION = YES;
				CLANG_WARN_INFINITE_RECURSION = YES;
				CLANG_WARN_INT_CONVERSION = YES;
				CLANG_WARN_NON_LITERAL_NULL_CONVERSION = YES;
				CLANG_WARN_OBJC_IMPLICIT_RETAIN_SELF = YES;
				CLANG_WARN_OBJC_LITERAL_CONVERSION = YES;
				CLANG_WARN_OBJC_ROOT_CLASS = YES_ERROR;
				CLANG_WARN_RANGE_LOOP_ANALYSIS = YES;
				CLANG_WARN_STRICT_PROTOTYPES = YES;
				CLANG_WARN_SUSPICIOUS_MOVE = YES;
				CLANG_WARN_UNGUARDED_AVAILABILITY = YES_AGGRESSIVE;
				CLANG_WARN_UNREACHABLE_CODE = YES;
				CLANG_WARN__DUPLICATE_METHOD_MATCH = YES;
				COPY_PHASE_STRIP = NO;
				DEBUG_INFORMATION_FORMAT = dwarf;
				ENABLE_STRICT_OBJC_MSGSEND = YES;
				ENABLE_TESTABILITY = YES;
				GCC_C_LANGUAGE_STANDARD = gnu11;
				GCC_DYNAMIC_NO_PIC = NO;
				GCC_NO_COMMON_BLOCKS = YES;
				GCC_OPTIMIZATION_LEVEL = 0;
				GCC_PREPROCESSOR_DEFINITIONS = (
					"DEBUG=1",
					"$(inherited)",
				);
				GCC_WARN_64_TO_32_BIT_CONVERSION = YES;
				GCC_WARN_ABOUT_RETURN_TYPE = YES_ERROR;
				GCC_WARN_UNDECLARED_SELECTOR = YES;
				GCC_WARN_UNINITIALIZED_AUTOS = YES_AGGRESSIVE;
				GCC_WARN_UNUSED_FUNCTION = YES;
				GCC_WARN_UNUSED_VARIABLE = YES;
				IPHONEOS_DEPLOYMENT_TARGET = 13.2;
				MTL_ENABLE_DEBUG_INFO = INCLUDE_SOURCE;
				MTL_FAST_MATH = YES;
				ONLY_ACTIVE_ARCH = YES;
				SDKROOT = iphoneos;
				SWIFT_ACTIVE_COMPILATION_CONDITIONS = DEBUG;
				SWIFT_OPTIMIZATION_LEVEL = "-Onone";
			};
			name = Debug;
		};
		DC1A435C236E77F0008D5C9E /* Release */ = {
			isa = XCBuildConfiguration;
			buildSettings = {
				ALWAYS_SEARCH_USER_PATHS = NO;
				CLANG_ANALYZER_NONNULL = YES;
				CLANG_ANALYZER_NUMBER_OBJECT_CONVERSION = YES_AGGRESSIVE;
				CLANG_CXX_LANGUAGE_STANDARD = "gnu++14";
				CLANG_CXX_LIBRARY = "libc++";
				CLANG_ENABLE_MODULES = YES;
				CLANG_ENABLE_OBJC_ARC = YES;
				CLANG_ENABLE_OBJC_WEAK = YES;
				CLANG_WARN_BLOCK_CAPTURE_AUTORELEASING = YES;
				CLANG_WARN_BOOL_CONVERSION = YES;
				CLANG_WARN_COMMA = YES;
				CLANG_WARN_CONSTANT_CONVERSION = YES;
				CLANG_WARN_DEPRECATED_OBJC_IMPLEMENTATIONS = YES;
				CLANG_WARN_DIRECT_OBJC_ISA_USAGE = YES_ERROR;
				CLANG_WARN_DOCUMENTATION_COMMENTS = YES;
				CLANG_WARN_EMPTY_BODY = YES;
				CLANG_WARN_ENUM_CONVERSION = YES;
				CLANG_WARN_INFINITE_RECURSION = YES;
				CLANG_WARN_INT_CONVERSION = YES;
				CLANG_WARN_NON_LITERAL_NULL_CONVERSION = YES;
				CLANG_WARN_OBJC_IMPLICIT_RETAIN_SELF = YES;
				CLANG_WARN_OBJC_LITERAL_CONVERSION = YES;
				CLANG_WARN_OBJC_ROOT_CLASS = YES_ERROR;
				CLANG_WARN_RANGE_LOOP_ANALYSIS = YES;
				CLANG_WARN_STRICT_PROTOTYPES = YES;
				CLANG_WARN_SUSPICIOUS_MOVE = YES;
				CLANG_WARN_UNGUARDED_AVAILABILITY = YES_AGGRESSIVE;
				CLANG_WARN_UNREACHABLE_CODE = YES;
				CLANG_WARN__DUPLICATE_METHOD_MATCH = YES;
				COPY_PHASE_STRIP = NO;
				DEBUG_INFORMATION_FORMAT = "dwarf-with-dsym";
				ENABLE_NS_ASSERTIONS = NO;
				ENABLE_STRICT_OBJC_MSGSEND = YES;
				GCC_C_LANGUAGE_STANDARD = gnu11;
				GCC_NO_COMMON_BLOCKS = YES;
				GCC_WARN_64_TO_32_BIT_CONVERSION = YES;
				GCC_WARN_ABOUT_RETURN_TYPE = YES_ERROR;
				GCC_WARN_UNDECLARED_SELECTOR = YES;
				GCC_WARN_UNINITIALIZED_AUTOS = YES_AGGRESSIVE;
				GCC_WARN_UNUSED_FUNCTION = YES;
				GCC_WARN_UNUSED_VARIABLE = YES;
				IPHONEOS_DEPLOYMENT_TARGET = 13.2;
				MTL_ENABLE_DEBUG_INFO = NO;
				MTL_FAST_MATH = YES;
				SDKROOT = iphoneos;
				SWIFT_COMPILATION_MODE = wholemodule;
				SWIFT_OPTIMIZATION_LEVEL = "-O";
				VALIDATE_PRODUCT = YES;
			};
			name = Release;
		};
		DC1A435E236E77F0008D5C9E /* Debug */ = {
			isa = XCBuildConfiguration;
			buildSettings = {
				ASSETCATALOG_COMPILER_APPICON_NAME = AppIcon;
				CODE_SIGN_STYLE = Automatic;
				DEVELOPMENT_ASSET_PATHS = "\"iOsNote/Preview Content\"";
				DEVELOPMENT_TEAM = F7LT4S5HCN;
				ENABLE_PREVIEWS = YES;
				INFOPLIST_FILE = iOsNote/Info.plist;
				LD_RUNPATH_SEARCH_PATHS = (
					"$(inherited)",
					"@executable_path/Frameworks",
				);
				PRODUCT_BUNDLE_IDENTIFIER = com.purplecat.iOsNote;
				PRODUCT_NAME = "$(TARGET_NAME)";
				SWIFT_VERSION = 5.0;
				TARGETED_DEVICE_FAMILY = "1,2";
			};
			name = Debug;
		};
		DC1A435F236E77F0008D5C9E /* Release */ = {
			isa = XCBuildConfiguration;
			buildSettings = {
				ASSETCATALOG_COMPILER_APPICON_NAME = AppIcon;
				CODE_SIGN_STYLE = Automatic;
				DEVELOPMENT_ASSET_PATHS = "\"iOsNote/Preview Content\"";
				DEVELOPMENT_TEAM = F7LT4S5HCN;
				ENABLE_PREVIEWS = YES;
				INFOPLIST_FILE = iOsNote/Info.plist;
				LD_RUNPATH_SEARCH_PATHS = (
					"$(inherited)",
					"@executable_path/Frameworks",
				);
				PRODUCT_BUNDLE_IDENTIFIER = com.purplecat.iOsNote;
				PRODUCT_NAME = "$(TARGET_NAME)";
				SWIFT_VERSION = 5.0;
				TARGETED_DEVICE_FAMILY = "1,2";
			};
			name = Release;
		};
		DC1A4361236E77F0008D5C9E /* Debug */ = {
			isa = XCBuildConfiguration;
			buildSettings = {
				ALWAYS_EMBED_SWIFT_STANDARD_LIBRARIES = YES;
				BUNDLE_LOADER = "$(TEST_HOST)";
				CODE_SIGN_STYLE = Automatic;
				DEVELOPMENT_TEAM = F7LT4S5HCN;
				INFOPLIST_FILE = iOsNoteTests/Info.plist;
				IPHONEOS_DEPLOYMENT_TARGET = 13.2;
				LD_RUNPATH_SEARCH_PATHS = (
					"$(inherited)",
					"@executable_path/Frameworks",
					"@loader_path/Frameworks",
				);
				PRODUCT_BUNDLE_IDENTIFIER = com.purplecat.iOsNoteTests;
				PRODUCT_NAME = "$(TARGET_NAME)";
				SWIFT_VERSION = 5.0;
				TARGETED_DEVICE_FAMILY = "1,2";
				TEST_HOST = "$(BUILT_PRODUCTS_DIR)/iOsNote.app/iOsNote";
			};
			name = Debug;
		};
		DC1A4362236E77F0008D5C9E /* Release */ = {
			isa = XCBuildConfiguration;
			buildSettings = {
				ALWAYS_EMBED_SWIFT_STANDARD_LIBRARIES = YES;
				BUNDLE_LOADER = "$(TEST_HOST)";
				CODE_SIGN_STYLE = Automatic;
				DEVELOPMENT_TEAM = F7LT4S5HCN;
				INFOPLIST_FILE = iOsNoteTests/Info.plist;
				IPHONEOS_DEPLOYMENT_TARGET = 13.2;
				LD_RUNPATH_SEARCH_PATHS = (
					"$(inherited)",
					"@executable_path/Frameworks",
					"@loader_path/Frameworks",
				);
				PRODUCT_BUNDLE_IDENTIFIER = com.purplecat.iOsNoteTests;
				PRODUCT_NAME = "$(TARGET_NAME)";
				SWIFT_VERSION = 5.0;
				TARGETED_DEVICE_FAMILY = "1,2";
				TEST_HOST = "$(BUILT_PRODUCTS_DIR)/iOsNote.app/iOsNote";
			};
			name = Release;
		};
		DC1A4364236E77F0008D5C9E /* Debug */ = {
			isa = XCBuildConfiguration;
			buildSettings = {
				ALWAYS_EMBED_SWIFT_STANDARD_LIBRARIES = YES;
				CODE_SIGN_STYLE = Automatic;
				DEVELOPMENT_TEAM = F7LT4S5HCN;
				INFOPLIST_FILE = iOsNoteUITests/Info.plist;
				LD_RUNPATH_SEARCH_PATHS = (
					"$(inherited)",
					"@executable_path/Frameworks",
					"@loader_path/Frameworks",
				);
				PRODUCT_BUNDLE_IDENTIFIER = com.purplecat.iOsNoteUITests;
				PRODUCT_NAME = "$(TARGET_NAME)";
				SWIFT_VERSION = 5.0;
				TARGETED_DEVICE_FAMILY = "1,2";
				TEST_TARGET_NAME = iOsNote;
			};
			name = Debug;
		};
		DC1A4365236E77F0008D5C9E /* Release */ = {
			isa = XCBuildConfiguration;
			buildSettings = {
				ALWAYS_EMBED_SWIFT_STANDARD_LIBRARIES = YES;
				CODE_SIGN_STYLE = Automatic;
				DEVELOPMENT_TEAM = F7LT4S5HCN;
				INFOPLIST_FILE = iOsNoteUITests/Info.plist;
				LD_RUNPATH_SEARCH_PATHS = (
					"$(inherited)",
					"@executable_path/Frameworks",
					"@loader_path/Frameworks",
				);
				PRODUCT_BUNDLE_IDENTIFIER = com.purplecat.iOsNoteUITests;
				PRODUCT_NAME = "$(TARGET_NAME)";
				SWIFT_VERSION = 5.0;
				TARGETED_DEVICE_FAMILY = "1,2";
				TEST_TARGET_NAME = iOsNote;
			};
			name = Release;
		};
/* End XCBuildConfiguration section */

/* Begin XCConfigurationList section */
		DC1A432E236E77EE008D5C9E /* Build configuration list for PBXProject "iOsNote" */ = {
			isa = XCConfigurationList;
			buildConfigurations = (
				DC1A435B236E77F0008D5C9E /* Debug */,
				DC1A435C236E77F0008D5C9E /* Release */,
			);
			defaultConfigurationIsVisible = 0;
			defaultConfigurationName = Release;
		};
		DC1A435D236E77F0008D5C9E /* Build configuration list for PBXNativeTarget "iOsNote" */ = {
			isa = XCConfigurationList;
			buildConfigurations = (
				DC1A435E236E77F0008D5C9E /* Debug */,
				DC1A435F236E77F0008D5C9E /* Release */,
			);
			defaultConfigurationIsVisible = 0;
			defaultConfigurationName = Release;
		};
		DC1A4360236E77F0008D5C9E /* Build configuration list for PBXNativeTarget "iOsNoteTests" */ = {
			isa = XCConfigurationList;
			buildConfigurations = (
				DC1A4361236E77F0008D5C9E /* Debug */,
				DC1A4362236E77F0008D5C9E /* Release */,
			);
			defaultConfigurationIsVisible = 0;
			defaultConfigurationName = Release;
		};
		DC1A4363236E77F0008D5C9E /* Build configuration list for PBXNativeTarget "iOsNoteUITests" */ = {
			isa = XCConfigurationList;
			buildConfigurations = (
				DC1A4364236E77F0008D5C9E /* Debug */,
				DC1A4365236E77F0008D5C9E /* Release */,
			);
			defaultConfigurationIsVisible = 0;
			defaultConfigurationName = Release;
		};
/* End XCConfigurationList section */
	};
	rootObject = DC1A432B236E77EE008D5C9E /* Project object */;
}
